
Microsoft Visual Studio Solution File, Format Version 12.00
# Visual Studio Version 16
VisualStudioVersion = 16.0.31515.178
MinimumVisualStudioVersion = 10.0.40219.1
Project("{FAE04EC0-301F-11D3-BF4B-00C04F79EFBC}") = "MaterialCreator", "MaterialCreator\MaterialCreator.csproj", "{2705CDE3-E74D-48E6-80FD-6ADD5A691BEF}"
EndProject
Global
	GlobalSection(SolutionConfigurationPlatforms) = preSolution
		Debug|Any CPU = Debug|Any CPU
		Release|Any CPU = Release|Any CPU
	EndGlobalSection
	GlobalSection(ProjectConfigurationPlatforms) = postSolution
		{2705CDE3-E74D-48E6-80FD-6ADD5A691BEF}.Debug|Any CPU.ActiveCfg = Debug|Any CPU
		{2705CDE3-E74D-48E6-80FD-6ADD5A691BEF}.Debug|Any CPU.Build.0 = Debug|Any CPU
		{2705CDE3-E74D-48E6-80FD-6ADD5A691BEF}.Release|Any CPU.ActiveCfg = Release|Any CPU
		{2705CDE3-E74D-48E6-80FD-6ADD5A691BEF}.Release|Any CPU.Build.0 = Release|Any CPU
	EndGlobalSection
	GlobalSection(SolutionProperties) = preSolution
		HideSolutionNode = FALSE
	EndGlobalSection
	GlobalSection(ExtensibilityGlobals) = postSolution
		SolutionGuid = {5187F513-454B-4954-9541-FAA7CD1AB4E3}
	EndGlobalSection
EndGlobal
